
Microsoft Visual Studio Solution File, Format Version 12.00
# Visual Studio Version 16
VisualStudioVersion = 16.0.33927.289
MinimumVisualStudioVersion = 10.0.40219.1
Project("{2150E333-8FDC-42A3-9474-1A3956D46DE8}") = "Task0", "Task0", "{3DEB0D1B-4957-4127-A685-4334F388E36A}"
EndProject
Project("{FAE04EC0-301F-11D3-BF4B-00C04F79EFBC}") = "Tyuiu.PyankovaVV.Sprint4.Task0.V19", "Tyuiu.PyankovaVV.Sprint4.Task0.V19\Tyuiu.PyankovaVV.Sprint4.Task0.V19.csproj", "{A1220D3B-0FCE-46C5-A4CD-E85E848B881E}"
EndProject
Project("{FAE04EC0-301F-11D3-BF4B-00C04F79EFBC}") = "Tyuiu.PyankovaVV.Sprint4.Task0.V19.Lib", "Tyuiu.PyankovaVV.Sprint4.Task0.V19.Lib\Tyuiu.PyankovaVV.Sprint4.Task0.V19.Lib.csproj", "{DCBD803E-39A2-4D71-9DB6-75162789E21A}"
EndProject
Project("{FAE04EC0-301F-11D3-BF4B-00C04F79EFBC}") = "Tyuiu.PyankovaVV.Sprint4.Task0.V19.Test", "Tyuiu.PyankovaVV.Sprint4.Task0.V19.Test\Tyuiu.PyankovaVV.Sprint4.Task0.V19.Test.csproj", "{901F484E-CEA8-4871-944F-66B6AAFCCC59}"
EndProject
Project("{2150E333-8FDC-42A3-9474-1A3956D46DE8}") = "Task1", "Task1", "{961484E1-79F6-407C-97ED-97C55120A33F}"
EndProject
Project("{FAE04EC0-301F-11D3-BF4B-00C04F79EFBC}") = "Tyuiu.PyankovaVV.Sprint4.Task1.V5", "Tyuiu.PyankovaVV.Sprint4.Task1.V5\Tyuiu.PyankovaVV.Sprint4.Task1.V5.csproj", "{8F0A565A-D92B-4701-8B09-070D4FE0EC53}"
EndProject
Project("{FAE04EC0-301F-11D3-BF4B-00C04F79EFBC}") = "Tyuiu.PyankovaVV.Sprint4.Task1.V5.Lib", "Tyuiu.PyankovaVV.Sprint4.Task1.V5.Lib\Tyuiu.PyankovaVV.Sprint4.Task1.V5.Lib.csproj", "{9935CD77-1E60-49F3-AFE2-486E0F41865E}"
EndProject
Project("{FAE04EC0-301F-11D3-BF4B-00C04F79EFBC}") = "Tyuiu.PyankovaVV.Sprint4.Task1.V5.Test", "Tyuiu.PyankovaVV.Sprint4.Task1.V5.Test\Tyuiu.PyankovaVV.Sprint4.Task1.V5.Test.csproj", "{6E1B1D24-9146-4F0B-891C-C04F583A8986}"
EndProject
Project("{2150E333-8FDC-42A3-9474-1A3956D46DE8}") = "Task2", "Task2", "{411CF7CC-80FD-4706-BBFB-12FE9852C7C0}"
EndProject
Project("{FAE04EC0-301F-11D3-BF4B-00C04F79EFBC}") = "Tyuiu.PyankovaVV.Sprint4.Task2.V28", "Tyuiu.PyankovaVV.Sprint4.Task2.V28\Tyuiu.PyankovaVV.Sprint4.Task2.V28.csproj", "{130BE7FE-7459-4CE1-AE26-FFEC950B2FE8}"
EndProject
Project("{FAE04EC0-301F-11D3-BF4B-00C04F79EFBC}") = "Tyuiu.PyankovaVV.Sprint4.Task2.V28.Lib", "Tyuiu.PyankovaVV.Sprint4.Task2.V28.Lib\Tyuiu.PyankovaVV.Sprint4.Task2.V28.Lib.csproj", "{5506EB6E-3092-445C-AEB7-E8FEB0AB1513}"
EndProject
Project("{FAE04EC0-301F-11D3-BF4B-00C04F79EFBC}") = "Tyuiu.PyankovaVV.Sprint4.Task2.V28.Test", "Tyuiu.PyankovaVV.Sprint4.Task2.V28.Test\Tyuiu.PyankovaVV.Sprint4.Task2.V28.Test.csproj", "{97F1376B-382D-4B2F-8C3D-72DFF3B12CA6}"
EndProject
Project("{2150E333-8FDC-42A3-9474-1A3956D46DE8}") = "Task3", "Task3", "{EB4E6F0A-421F-4218-BDAD-5C6C388747C6}"
EndProject
Project("{FAE04EC0-301F-11D3-BF4B-00C04F79EFBC}") = "Tyuiu.PyankovaVV.Sprint4.Task3.V27", "Tyuiu.PyankovaVV.Sprint4.Task3.V27\Tyuiu.PyankovaVV.Sprint4.Task3.V27.csproj", "{EABA3640-BF9A-4F0C-8775-59B7DC68BA9C}"
EndProject
Project("{FAE04EC0-301F-11D3-BF4B-00C04F79EFBC}") = "Tyuiu.PyankovaVV.Sprint4.Task3.V27.Lib", "Tyuiu.PyankovaVV.Sprint4.Task3.V27.Lib\Tyuiu.PyankovaVV.Sprint4.Task3.V27.Lib.csproj", "{0F9CE7ED-C213-46E6-95E0-C153F268017C}"
EndProject
Project("{FAE04EC0-301F-11D3-BF4B-00C04F79EFBC}") = "Tyuiu.PyankovaVV.Sprint4.Task3.V27.Test", "Tyuiu.PyankovaVV.Sprint4.Task3.V27.Test\Tyuiu.PyankovaVV.Sprint4.Task3.V27.Test.csproj", "{B2C0794F-8A00-467F-AF41-744EED2C7E17}"
EndProject
Project("{2150E333-8FDC-42A3-9474-1A3956D46DE8}") = "Task4", "Task4", "{454931A5-1ED4-4AF3-986E-CC0E4EBBD47A}"
EndProject
Project("{FAE04EC0-301F-11D3-BF4B-00C04F79EFBC}") = "Tyuiu.PyankovaVV.Sprint4.Task4.V20", "Tyuiu.PyankovaVV.Sprint4.Task4.V20\Tyuiu.PyankovaVV.Sprint4.Task4.V20.csproj", "{CB0AA564-AA9E-4345-BE3C-CD710179EE30}"
EndProject
Project("{FAE04EC0-301F-11D3-BF4B-00C04F79EFBC}") = "Tyuiu.PyankovaVV.Sprint4.Task4.V20.Lib", "Tyuiu.PyankovaVV.Sprint4.Task4.V20.Lib\Tyuiu.PyankovaVV.Sprint4.Task4.V20.Lib.csproj", "{EBE1BDB0-82FF-4042-8962-FCF2A244645E}"
EndProject
Project("{FAE04EC0-301F-11D3-BF4B-00C04F79EFBC}") = "Tyuiu.PyankovaVV.Sprint4.Task4.V20.Test", "Tyuiu.PyankovaVV.Sprint4.Task4.V20.Test\Tyuiu.PyankovaVV.Sprint4.Task4.V20.Test.csproj", "{7012705B-C550-4C6C-9961-31F6FC4D82BE}"
EndProject
Global
	GlobalSection(SolutionConfigurationPlatforms) = preSolution
		Debug|Any CPU = Debug|Any CPU
		Release|Any CPU = Release|Any CPU
	EndGlobalSection
	GlobalSection(ProjectConfigurationPlatforms) = postSolution
		{A1220D3B-0FCE-46C5-A4CD-E85E848B881E}.Debug|Any CPU.ActiveCfg = Debug|Any CPU
		{A1220D3B-0FCE-46C5-A4CD-E85E848B881E}.Debug|Any CPU.Build.0 = Debug|Any CPU
		{A1220D3B-0FCE-46C5-A4CD-E85E848B881E}.Release|Any CPU.ActiveCfg = Release|Any CPU
		{A1220D3B-0FCE-46C5-A4CD-E85E848B881E}.Release|Any CPU.Build.0 = Release|Any CPU
		{DCBD803E-39A2-4D71-9DB6-75162789E21A}.Debug|Any CPU.ActiveCfg = Debug|Any CPU
		{DCBD803E-39A2-4D71-9DB6-75162789E21A}.Debug|Any CPU.Build.0 = Debug|Any CPU
		{DCBD803E-39A2-4D71-9DB6-75162789E21A}.Release|Any CPU.ActiveCfg = Release|Any CPU
		{DCBD803E-39A2-4D71-9DB6-75162789E21A}.Release|Any CPU.Build.0 = Release|Any CPU
		{901F484E-CEA8-4871-944F-66B6AAFCCC59}.Debug|Any CPU.ActiveCfg = Debug|Any CPU
		{901F484E-CEA8-4871-944F-66B6AAFCCC59}.Debug|Any CPU.Build.0 = Debug|Any CPU
		{901F484E-CEA8-4871-944F-66B6AAFCCC59}.Release|Any CPU.ActiveCfg = Release|Any CPU
		{901F484E-CEA8-4871-944F-66B6AAFCCC59}.Release|Any CPU.Build.0 = Release|Any CPU
		{8F0A565A-D92B-4701-8B09-070D4FE0EC53}.Debug|Any CPU.ActiveCfg = Debug|Any CPU
		{8F0A565A-D92B-4701-8B09-070D4FE0EC53}.Debug|Any CPU.Build.0 = Debug|Any CPU
		{8F0A565A-D92B-4701-8B09-070D4FE0EC53}.Release|Any CPU.ActiveCfg = Release|Any CPU
		{8F0A565A-D92B-4701-8B09-070D4FE0EC53}.Release|Any CPU.Build.0 = Release|Any CPU
		{9935CD77-1E60-49F3-AFE2-486E0F41865E}.Debug|Any CPU.ActiveCfg = Debug|Any CPU
		{9935CD77-1E60-49F3-AFE2-486E0F41865E}.Debug|Any CPU.Build.0 = Debug|Any CPU
		{9935CD77-1E60-49F3-AFE2-486E0F41865E}.Release|Any CPU.ActiveCfg = Release|Any CPU
		{9935CD77-1E60-49F3-AFE2-486E0F41865E}.Release|Any CPU.Build.0 = Release|Any CPU
		{6E1B1D24-9146-4F0B-891C-C04F583A8986}.Debug|Any CPU.ActiveCfg = Debug|Any CPU
		{6E1B1D24-9146-4F0B-891C-C04F583A8986}.Debug|Any CPU.Build.0 = Debug|Any CPU
		{6E1B1D24-9146-4F0B-891C-C04F583A8986}.Release|Any CPU.ActiveCfg = Release|Any CPU
		{6E1B1D24-9146-4F0B-891C-C04F583A8986}.Release|Any CPU.Build.0 = Release|Any CPU
		{130BE7FE-7459-4CE1-AE26-FFEC950B2FE8}.Debug|Any CPU.ActiveCfg = Debug|Any CPU
		{130BE7FE-7459-4CE1-AE26-FFEC950B2FE8}.Debug|Any CPU.Build.0 = Debug|Any CPU
		{130BE7FE-7459-4CE1-AE26-FFEC950B2FE8}.Release|Any CPU.ActiveCfg = Release|Any CPU
		{130BE7FE-7459-4CE1-AE26-FFEC950B2FE8}.Release|Any CPU.Build.0 = Release|Any CPU
		{5506EB6E-3092-445C-AEB7-E8FEB0AB1513}.Debug|Any CPU.ActiveCfg = Debug|Any CPU
		{5506EB6E-3092-445C-AEB7-E8FEB0AB1513}.Debug|Any CPU.Build.0 = Debug|Any CPU
		{5506EB6E-3092-445C-AEB7-E8FEB0AB1513}.Release|Any CPU.ActiveCfg = Release|Any CPU
		{5506EB6E-3092-445C-AEB7-E8FEB0AB1513}.Release|Any CPU.Build.0 = Release|Any CPU
		{97F1376B-382D-4B2F-8C3D-72DFF3B12CA6}.Debug|Any CPU.ActiveCfg = Debug|Any CPU
		{97F1376B-382D-4B2F-8C3D-72DFF3B12CA6}.Debug|Any CPU.Build.0 = Debug|Any CPU
		{97F1376B-382D-4B2F-8C3D-72DFF3B12CA6}.Release|Any CPU.ActiveCfg = Release|Any CPU
		{97F1376B-382D-4B2F-8C3D-72DFF3B12CA6}.Release|Any CPU.Build.0 = Release|Any CPU
		{EABA3640-BF9A-4F0C-8775-59B7DC68BA9C}.Debug|Any CPU.ActiveCfg = Debug|Any CPU
		{EABA3640-BF9A-4F0C-8775-59B7DC68BA9C}.Debug|Any CPU.Build.0 = Debug|Any CPU
		{EABA3640-BF9A-4F0C-8775-59B7DC68BA9C}.Release|Any CPU.ActiveCfg = Release|Any CPU
		{EABA3640-BF9A-4F0C-8775-59B7DC68BA9C}.Release|Any CPU.Build.0 = Release|Any CPU
		{0F9CE7ED-C213-46E6-95E0-C153F268017C}.Debug|Any CPU.ActiveCfg = Debug|Any CPU
		{0F9CE7ED-C213-46E6-95E0-C153F268017C}.Debug|Any CPU.Build.0 = Debug|Any CPU
		{0F9CE7ED-C213-46E6-95E0-C153F268017C}.Release|Any CPU.ActiveCfg = Release|Any CPU
		{0F9CE7ED-C213-46E6-95E0-C153F268017C}.Release|Any CPU.Build.0 = Release|Any CPU
		{B2C0794F-8A00-467F-AF41-744EED2C7E17}.Debug|Any CPU.ActiveCfg = Debug|Any CPU
		{B2C0794F-8A00-467F-AF41-744EED2C7E17}.Debug|Any CPU.Build.0 = Debug|Any CPU
		{B2C0794F-8A00-467F-AF41-744EED2C7E17}.Release|Any CPU.ActiveCfg = Release|Any CPU
		{B2C0794F-8A00-467F-AF41-744EED2C7E17}.Release|Any CPU.Build.0 = Release|Any CPU
		{CB0AA564-AA9E-4345-BE3C-CD710179EE30}.Debug|Any CPU.ActiveCfg = Debug|Any CPU
		{CB0AA564-AA9E-4345-BE3C-CD710179EE30}.Debug|Any CPU.Build.0 = Debug|Any CPU
		{CB0AA564-AA9E-4345-BE3C-CD710179EE30}.Release|Any CPU.ActiveCfg = Release|Any CPU
		{CB0AA564-AA9E-4345-BE3C-CD710179EE30}.Release|Any CPU.Build.0 = Release|Any CPU
		{EBE1BDB0-82FF-4042-8962-FCF2A244645E}.Debug|Any CPU.ActiveCfg = Debug|Any CPU
		{EBE1BDB0-82FF-4042-8962-FCF2A244645E}.Debug|Any CPU.Build.0 = Debug|Any CPU
		{EBE1BDB0-82FF-4042-8962-FCF2A244645E}.Release|Any CPU.ActiveCfg = Release|Any CPU
		{EBE1BDB0-82FF-4042-8962-FCF2A244645E}.Release|Any CPU.Build.0 = Release|Any CPU
		{7012705B-C550-4C6C-9961-31F6FC4D82BE}.Debug|Any CPU.ActiveCfg = Debug|Any CPU
		{7012705B-C550-4C6C-9961-31F6FC4D82BE}.Debug|Any CPU.Build.0 = Debug|Any CPU
		{7012705B-C550-4C6C-9961-31F6FC4D82BE}.Release|Any CPU.ActiveCfg = Release|Any CPU
		{7012705B-C550-4C6C-9961-31F6FC4D82BE}.Release|Any CPU.Build.0 = Release|Any CPU
	EndGlobalSection
	GlobalSection(SolutionProperties) = preSolution
		HideSolutionNode = FALSE
	EndGlobalSection
	GlobalSection(NestedProjects) = preSolution
		{A1220D3B-0FCE-46C5-A4CD-E85E848B881E} = {3DEB0D1B-4957-4127-A685-4334F388E36A}
		{DCBD803E-39A2-4D71-9DB6-75162789E21A} = {3DEB0D1B-4957-4127-A685-4334F388E36A}
		{901F484E-CEA8-4871-944F-66B6AAFCCC59} = {3DEB0D1B-4957-4127-A685-4334F388E36A}
		{8F0A565A-D92B-4701-8B09-070D4FE0EC53} = {961484E1-79F6-407C-97ED-97C55120A33F}
		{9935CD77-1E60-49F3-AFE2-486E0F41865E} = {961484E1-79F6-407C-97ED-97C55120A33F}
		{6E1B1D24-9146-4F0B-891C-C04F583A8986} = {961484E1-79F6-407C-97ED-97C55120A33F}
		{130BE7FE-7459-4CE1-AE26-FFEC950B2FE8} = {411CF7CC-80FD-4706-BBFB-12FE9852C7C0}
		{5506EB6E-3092-445C-AEB7-E8FEB0AB1513} = {411CF7CC-80FD-4706-BBFB-12FE9852C7C0}
		{97F1376B-382D-4B2F-8C3D-72DFF3B12CA6} = {411CF7CC-80FD-4706-BBFB-12FE9852C7C0}
		{EABA3640-BF9A-4F0C-8775-59B7DC68BA9C} = {EB4E6F0A-421F-4218-BDAD-5C6C388747C6}
		{0F9CE7ED-C213-46E6-95E0-C153F268017C} = {EB4E6F0A-421F-4218-BDAD-5C6C388747C6}
		{B2C0794F-8A00-467F-AF41-744EED2C7E17} = {EB4E6F0A-421F-4218-BDAD-5C6C388747C6}
		{CB0AA564-AA9E-4345-BE3C-CD710179EE30} = {454931A5-1ED4-4AF3-986E-CC0E4EBBD47A}
		{EBE1BDB0-82FF-4042-8962-FCF2A244645E} = {454931A5-1ED4-4AF3-986E-CC0E4EBBD47A}
		{7012705B-C550-4C6C-9961-31F6FC4D82BE} = {454931A5-1ED4-4AF3-986E-CC0E4EBBD47A}
	EndGlobalSection
	GlobalSection(ExtensibilityGlobals) = postSolution
		SolutionGuid = {626609F7-3D7C-4BF1-B513-73FB6C93E439}
	EndGlobalSection
EndGlobal
